
Microsoft Visual Studio Solution File, Format Version 12.00
# Visual Studio Version 16
VisualStudioVersion = 16.0.31129.286
MinimumVisualStudioVersion = 10.0.40219.1
Project("{FAE04EC0-301F-11D3-BF4B-00C04F79EFBC}") = "WebApi.DAL", "DAL\WebApi.DAL.csproj", "{C7911B94-B80E-44B6-B456-0735AFF82896}"
EndProject
Project("{FAE04EC0-301F-11D3-BF4B-00C04F79EFBC}") = "WebApi.Services", "Services\WebApi.Services.csproj", "{0458C4E6-7A9A-463D-B5C1-F11B7DAC3ECE}"
EndProject
Project("{FAE04EC0-301F-11D3-BF4B-00C04F79EFBC}") = "WebApi", "WebAPI\WebApi.csproj", "{F7376225-D5FF-4071-A37D-424E0039949A}"
EndProject
Project("{FAE04EC0-301F-11D3-BF4B-00C04F79EFBC}") = "WebApi.Entities", "WebApi.Entities\WebApi.Entities.csproj", "{C25A1704-BFF6-40CD-95AB-516289DB2D0B}"
EndProject
Project("{00D1A9C2-B5F0-4AF3-8072-F6C62B433612}") = "WebApi.Database", "WebApi.Database\WebApi.Database.sqlproj", "{2DB31242-6F05-4749-8EEF-CE8AEED5F04C}"
EndProject
Global
	GlobalSection(SolutionConfigurationPlatforms) = preSolution
		Debug|Any CPU = Debug|Any CPU
		Release|Any CPU = Release|Any CPU
	EndGlobalSection
	GlobalSection(ProjectConfigurationPlatforms) = postSolution
		{C7911B94-B80E-44B6-B456-0735AFF82896}.Debug|Any CPU.ActiveCfg = Debug|Any CPU
		{C7911B94-B80E-44B6-B456-0735AFF82896}.Debug|Any CPU.Build.0 = Debug|Any CPU
		{C7911B94-B80E-44B6-B456-0735AFF82896}.Release|Any CPU.ActiveCfg = Release|Any CPU
		{C7911B94-B80E-44B6-B456-0735AFF82896}.Release|Any CPU.Build.0 = Release|Any CPU
		{0458C4E6-7A9A-463D-B5C1-F11B7DAC3ECE}.Debug|Any CPU.ActiveCfg = Debug|Any CPU
		{0458C4E6-7A9A-463D-B5C1-F11B7DAC3ECE}.Debug|Any CPU.Build.0 = Debug|Any CPU
		{0458C4E6-7A9A-463D-B5C1-F11B7DAC3ECE}.Release|Any CPU.ActiveCfg = Release|Any CPU
		{0458C4E6-7A9A-463D-B5C1-F11B7DAC3ECE}.Release|Any CPU.Build.0 = Release|Any CPU
		{F7376225-D5FF-4071-A37D-424E0039949A}.Debug|Any CPU.ActiveCfg = Debug|Any CPU
		{F7376225-D5FF-4071-A37D-424E0039949A}.Debug|Any CPU.Build.0 = Debug|Any CPU
		{F7376225-D5FF-4071-A37D-424E0039949A}.Release|Any CPU.ActiveCfg = Release|Any CPU
		{F7376225-D5FF-4071-A37D-424E0039949A}.Release|Any CPU.Build.0 = Release|Any CPU
		{C25A1704-BFF6-40CD-95AB-516289DB2D0B}.Debug|Any CPU.ActiveCfg = Debug|Any CPU
		{C25A1704-BFF6-40CD-95AB-516289DB2D0B}.Debug|Any CPU.Build.0 = Debug|Any CPU
		{C25A1704-BFF6-40CD-95AB-516289DB2D0B}.Release|Any CPU.ActiveCfg = Release|Any CPU
		{C25A1704-BFF6-40CD-95AB-516289DB2D0B}.Release|Any CPU.Build.0 = Release|Any CPU
		{2DB31242-6F05-4749-8EEF-CE8AEED5F04C}.Debug|Any CPU.ActiveCfg = Debug|Any CPU
		{2DB31242-6F05-4749-8EEF-CE8AEED5F04C}.Debug|Any CPU.Build.0 = Debug|Any CPU
		{2DB31242-6F05-4749-8EEF-CE8AEED5F04C}.Debug|Any CPU.Deploy.0 = Debug|Any CPU
		{2DB31242-6F05-4749-8EEF-CE8AEED5F04C}.Release|Any CPU.ActiveCfg = Release|Any CPU
		{2DB31242-6F05-4749-8EEF-CE8AEED5F04C}.Release|Any CPU.Build.0 = Release|Any CPU
		{2DB31242-6F05-4749-8EEF-CE8AEED5F04C}.Release|Any CPU.Deploy.0 = Release|Any CPU
	EndGlobalSection
	GlobalSection(SolutionProperties) = preSolution
		HideSolutionNode = FALSE
	EndGlobalSection
	GlobalSection(ExtensibilityGlobals) = postSolution
		SolutionGuid = {4FA13872-E5BF-4771-BB13-01377992751C}
	EndGlobalSection
EndGlobal
